
Microsoft Visual Studio Solution File, Format Version 12.00
# Visual Studio Version 16
VisualStudioVersion = 16.0.30503.244
MinimumVisualStudioVersion = 10.0.40219.1
Project("{FAE04EC0-301F-11D3-BF4B-00C04F79EFBC}") = "Algorithms", "Algorithms.csproj", "{3FD3DFE3-1BAE-46D5-B9C8-0D24F5A0E1E9}"
EndProject
Project("{FAE04EC0-301F-11D3-BF4B-00C04F79EFBC}") = "BubbleSort", "..\BubbleSort\BubbleSort.csproj", "{AD964C91-9468-4ECE-83C1-D2C96E382313}"
EndProject
Project("{FAE04EC0-301F-11D3-BF4B-00C04F79EFBC}") = "InsertionSort", "..\InsertionSort\InsertionSort.csproj", "{B11AE3C1-A9B1-4A5C-AD54-7EDF3A3B3F88}"
EndProject
Global
	GlobalSection(SolutionConfigurationPlatforms) = preSolution
		Debug|Any CPU = Debug|Any CPU
		Release|Any CPU = Release|Any CPU
	EndGlobalSection
	GlobalSection(ProjectConfigurationPlatforms) = postSolution
		{3FD3DFE3-1BAE-46D5-B9C8-0D24F5A0E1E9}.Debug|Any CPU.ActiveCfg = Debug|Any CPU
		{3FD3DFE3-1BAE-46D5-B9C8-0D24F5A0E1E9}.Debug|Any CPU.Build.0 = Debug|Any CPU
		{3FD3DFE3-1BAE-46D5-B9C8-0D24F5A0E1E9}.Release|Any CPU.ActiveCfg = Release|Any CPU
		{3FD3DFE3-1BAE-46D5-B9C8-0D24F5A0E1E9}.Release|Any CPU.Build.0 = Release|Any CPU
		{AD964C91-9468-4ECE-83C1-D2C96E382313}.Debug|Any CPU.ActiveCfg = Debug|Any CPU
		{AD964C91-9468-4ECE-83C1-D2C96E382313}.Debug|Any CPU.Build.0 = Debug|Any CPU
		{AD964C91-9468-4ECE-83C1-D2C96E382313}.Release|Any CPU.ActiveCfg = Release|Any CPU
		{AD964C91-9468-4ECE-83C1-D2C96E382313}.Release|Any CPU.Build.0 = Release|Any CPU
		{B11AE3C1-A9B1-4A5C-AD54-7EDF3A3B3F88}.Debug|Any CPU.ActiveCfg = Debug|Any CPU
		{B11AE3C1-A9B1-4A5C-AD54-7EDF3A3B3F88}.Debug|Any CPU.Build.0 = Debug|Any CPU
		{B11AE3C1-A9B1-4A5C-AD54-7EDF3A3B3F88}.Release|Any CPU.ActiveCfg = Release|Any CPU
		{B11AE3C1-A9B1-4A5C-AD54-7EDF3A3B3F88}.Release|Any CPU.Build.0 = Release|Any CPU
	EndGlobalSection
	GlobalSection(SolutionProperties) = preSolution
		HideSolutionNode = FALSE
	EndGlobalSection
	GlobalSection(ExtensibilityGlobals) = postSolution
		SolutionGuid = {5E04509F-94CF-41C7-BD53-B080816AD890}
	EndGlobalSection
EndGlobal
